
Microsoft Visual Studio Solution File, Format Version 12.00
# Visual Studio Version 16
VisualStudioVersion = 16.0.29123.88
MinimumVisualStudioVersion = 10.0.40219.1
Project("{FAE04EC0-301F-11D3-BF4B-00C04F79EFBC}") = "Nucleus.Gaming", "NucleusGaming\Nucleus.Gaming.csproj", "{223DBDAE-E362-452C-9455-F518D002B154}"
EndProject
Project("{2150E333-8FDC-42A3-9474-1A3956D46DE8}") = "ThirdParty", "ThirdParty", "{EBED4BFC-5AC2-4601-9BEA-879206976057}"
EndProject
Project("{FAE04EC0-301F-11D3-BF4B-00C04F79EFBC}") = "Nucleus.Coop", "NucleusCoopTool\Nucleus.Coop.csproj", "{7818FD81-77A6-49F3-8571-A91B1B99E63F}"
	ProjectSection(ProjectDependencies) = postProject
		{31504945-3D81-4250-9A3B-88734159E010} = {31504945-3D81-4250-9A3B-88734159E010}
		{0ACFAE83-C6EA-4605-9B8F-FDC34AA78976} = {0ACFAE83-C6EA-4605-9B8F-FDC34AA78976}
		{AB8527A3-98C6-42F0-AF9A-E400686D48BA} = {AB8527A3-98C6-42F0-AF9A-E400686D48BA}
		{91298ADA-5999-41D4-8A7B-51F28094AB5B} = {91298ADA-5999-41D4-8A7B-51F28094AB5B}
		{2869DBFE-7762-4930-95EA-2B0C111CF353} = {2869DBFE-7762-4930-95EA-2B0C111CF353}
	EndProjectSection
EndProject
Project("{FAE04EC0-301F-11D3-BF4B-00C04F79EFBC}") = "WindowScrape", "ThirdParty\WindowScrape\WindowScrape.csproj", "{D9716550-921D-44E8-A289-C297950DB1F7}"
EndProject
Project("{FAE04EC0-301F-11D3-BF4B-00C04F79EFBC}") = "Nucleus.Coop.StartGame", "StartGame\Nucleus.Coop.StartGame.csproj", "{91298ADA-5999-41D4-8A7B-51F28094AB5B}"
EndProject
Project("{8BC9CEB8-8B4A-11D0-8D11-00A0C91BC942}") = "Nucleus.Hook", "Nucleus.Hook\Nucleus.Hook.vcxproj", "{AB8527A3-98C6-42F0-AF9A-E400686D48BA}"
EndProject
Project("{8BC9CEB8-8B4A-11D0-8D11-00A0C91BC942}") = "Nucleus.SHook", "Nucleus.SHook\Nucleus.SHook.vcxproj", "{31504945-3D81-4250-9A3B-88734159E010}"
EndProject
Project("{FAE04EC0-301F-11D3-BF4B-00C04F79EFBC}") = "Nucleus.Inject", "Nucleus.Inject\Nucleus.Inject.csproj", "{0ACFAE83-C6EA-4605-9B8F-FDC34AA78976}"
EndProject
Project("{FAE04EC0-301F-11D3-BF4B-00C04F79EFBC}") = "AutoHotkey.Interop", "ThirdParty\AutoHotkey.Interop\AutoHotkey.Interop.csproj", "{2869DBFE-7762-4930-95EA-2B0C111CF353}"
EndProject
Global
	GlobalSection(SolutionConfigurationPlatforms) = preSolution
		Debug|Any CPU = Debug|Any CPU
		Debug|Mixed Platforms = Debug|Mixed Platforms
		Debug|Win32 = Debug|Win32
		Debug|x64 = Debug|x64
		Debug|x86 = Debug|x86
		Release|Any CPU = Release|Any CPU
		Release|Mixed Platforms = Release|Mixed Platforms
		Release|Win32 = Release|Win32
		Release|x64 = Release|x64
		Release|x86 = Release|x86
		SaveEdit Packaging|Any CPU = SaveEdit Packaging|Any CPU
		SaveEdit Packaging|Mixed Platforms = SaveEdit Packaging|Mixed Platforms
		SaveEdit Packaging|Win32 = SaveEdit Packaging|Win32
		SaveEdit Packaging|x64 = SaveEdit Packaging|x64
		SaveEdit Packaging|x86 = SaveEdit Packaging|x86
		TestDebug|Any CPU = TestDebug|Any CPU
		TestDebug|Mixed Platforms = TestDebug|Mixed Platforms
		TestDebug|Win32 = TestDebug|Win32
		TestDebug|x64 = TestDebug|x64
		TestDebug|x86 = TestDebug|x86
	EndGlobalSection
	GlobalSection(ProjectConfigurationPlatforms) = postSolution
		{223DBDAE-E362-452C-9455-F518D002B154}.Debug|Any CPU.ActiveCfg = Debug|Any CPU
		{223DBDAE-E362-452C-9455-F518D002B154}.Debug|Any CPU.Build.0 = Debug|Any CPU
		{223DBDAE-E362-452C-9455-F518D002B154}.Debug|Mixed Platforms.ActiveCfg = Debug|Any CPU
		{223DBDAE-E362-452C-9455-F518D002B154}.Debug|Mixed Platforms.Build.0 = Debug|Any CPU
		{223DBDAE-E362-452C-9455-F518D002B154}.Debug|Win32.ActiveCfg = Debug|Any CPU
		{223DBDAE-E362-452C-9455-F518D002B154}.Debug|Win32.Build.0 = Debug|Any CPU
		{223DBDAE-E362-452C-9455-F518D002B154}.Debug|x64.ActiveCfg = Debug|Any CPU
		{223DBDAE-E362-452C-9455-F518D002B154}.Debug|x64.Build.0 = Debug|Any CPU
		{223DBDAE-E362-452C-9455-F518D002B154}.Debug|x86.ActiveCfg = Debug|Any CPU
		{223DBDAE-E362-452C-9455-F518D002B154}.Release|Any CPU.ActiveCfg = Release|Any CPU
		{223DBDAE-E362-452C-9455-F518D002B154}.Release|Any CPU.Build.0 = Release|Any CPU
		{223DBDAE-E362-452C-9455-F518D002B154}.Release|Mixed Platforms.ActiveCfg = Release|Any CPU
		{223DBDAE-E362-452C-9455-F518D002B154}.Release|Mixed Platforms.Build.0 = Release|Any CPU
		{223DBDAE-E362-452C-9455-F518D002B154}.Release|Win32.ActiveCfg = Release|Any CPU
		{223DBDAE-E362-452C-9455-F518D002B154}.Release|Win32.Build.0 = Release|Any CPU
		{223DBDAE-E362-452C-9455-F518D002B154}.Release|x64.ActiveCfg = Release|Any CPU
		{223DBDAE-E362-452C-9455-F518D002B154}.Release|x64.Build.0 = Release|Any CPU
		{223DBDAE-E362-452C-9455-F518D002B154}.Release|x86.ActiveCfg = Release|Any CPU
		{223DBDAE-E362-452C-9455-F518D002B154}.Release|x86.Build.0 = Release|Any CPU
		{223DBDAE-E362-452C-9455-F518D002B154}.SaveEdit Packaging|Any CPU.ActiveCfg = TestDebug|Any CPU
		{223DBDAE-E362-452C-9455-F518D002B154}.SaveEdit Packaging|Any CPU.Build.0 = TestDebug|Any CPU
		{223DBDAE-E362-452C-9455-F518D002B154}.SaveEdit Packaging|Mixed Platforms.ActiveCfg = TestDebug|Any CPU
		{223DBDAE-E362-452C-9455-F518D002B154}.SaveEdit Packaging|Mixed Platforms.Build.0 = TestDebug|Any CPU
		{223DBDAE-E362-452C-9455-F518D002B154}.SaveEdit Packaging|Win32.ActiveCfg = TestDebug|Any CPU
		{223DBDAE-E362-452C-9455-F518D002B154}.SaveEdit Packaging|Win32.Build.0 = TestDebug|Any CPU
		{223DBDAE-E362-452C-9455-F518D002B154}.SaveEdit Packaging|x64.ActiveCfg = TestDebug|Any CPU
		{223DBDAE-E362-452C-9455-F518D002B154}.SaveEdit Packaging|x64.Build.0 = TestDebug|Any CPU
		{223DBDAE-E362-452C-9455-F518D002B154}.SaveEdit Packaging|x86.ActiveCfg = TestDebug|Any CPU
		{223DBDAE-E362-452C-9455-F518D002B154}.SaveEdit Packaging|x86.Build.0 = TestDebug|Any CPU
		{223DBDAE-E362-452C-9455-F518D002B154}.TestDebug|Any CPU.ActiveCfg = TestDebug|Any CPU
		{223DBDAE-E362-452C-9455-F518D002B154}.TestDebug|Any CPU.Build.0 = TestDebug|Any CPU
		{223DBDAE-E362-452C-9455-F518D002B154}.TestDebug|Mixed Platforms.ActiveCfg = TestDebug|Any CPU
		{223DBDAE-E362-452C-9455-F518D002B154}.TestDebug|Mixed Platforms.Build.0 = TestDebug|Any CPU
		{223DBDAE-E362-452C-9455-F518D002B154}.TestDebug|Win32.ActiveCfg = TestDebug|Any CPU
		{223DBDAE-E362-452C-9455-F518D002B154}.TestDebug|Win32.Build.0 = TestDebug|Any CPU
		{223DBDAE-E362-452C-9455-F518D002B154}.TestDebug|x64.ActiveCfg = TestDebug|Any CPU
		{223DBDAE-E362-452C-9455-F518D002B154}.TestDebug|x64.Build.0 = TestDebug|Any CPU
		{223DBDAE-E362-452C-9455-F518D002B154}.TestDebug|x86.ActiveCfg = TestDebug|Any CPU
		{223DBDAE-E362-452C-9455-F518D002B154}.TestDebug|x86.Build.0 = TestDebug|Any CPU
		{7818FD81-77A6-49F3-8571-A91B1B99E63F}.Debug|Any CPU.ActiveCfg = Debug|Any CPU
		{7818FD81-77A6-49F3-8571-A91B1B99E63F}.Debug|Any CPU.Build.0 = Debug|Any CPU
		{7818FD81-77A6-49F3-8571-A91B1B99E63F}.Debug|Mixed Platforms.ActiveCfg = Debug|Any CPU
		{7818FD81-77A6-49F3-8571-A91B1B99E63F}.Debug|Mixed Platforms.Build.0 = Debug|Any CPU
		{7818FD81-77A6-49F3-8571-A91B1B99E63F}.Debug|Win32.ActiveCfg = Debug|Any CPU
		{7818FD81-77A6-49F3-8571-A91B1B99E63F}.Debug|Win32.Build.0 = Debug|Any CPU
		{7818FD81-77A6-49F3-8571-A91B1B99E63F}.Debug|x64.ActiveCfg = Debug|Any CPU
		{7818FD81-77A6-49F3-8571-A91B1B99E63F}.Debug|x64.Build.0 = Debug|Any CPU
		{7818FD81-77A6-49F3-8571-A91B1B99E63F}.Debug|x86.ActiveCfg = Debug|Any CPU
		{7818FD81-77A6-49F3-8571-A91B1B99E63F}.Release|Any CPU.ActiveCfg = Release|Any CPU
		{7818FD81-77A6-49F3-8571-A91B1B99E63F}.Release|Any CPU.Build.0 = Release|Any CPU
		{7818FD81-77A6-49F3-8571-A91B1B99E63F}.Release|Mixed Platforms.ActiveCfg = Release|Any CPU
		{7818FD81-77A6-49F3-8571-A91B1B99E63F}.Release|Mixed Platforms.Build.0 = Release|Any CPU
		{7818FD81-77A6-49F3-8571-A91B1B99E63F}.Release|Win32.ActiveCfg = Release|Any CPU
		{7818FD81-77A6-49F3-8571-A91B1B99E63F}.Release|Win32.Build.0 = Release|Any CPU
		{7818FD81-77A6-49F3-8571-A91B1B99E63F}.Release|x64.ActiveCfg = Release|Any CPU
		{7818FD81-77A6-49F3-8571-A91B1B99E63F}.Release|x64.Build.0 = Release|Any CPU
		{7818FD81-77A6-49F3-8571-A91B1B99E63F}.Release|x86.ActiveCfg = Release|Any CPU
		{7818FD81-77A6-49F3-8571-A91B1B99E63F}.Release|x86.Build.0 = Release|Any CPU
		{7818FD81-77A6-49F3-8571-A91B1B99E63F}.SaveEdit Packaging|Any CPU.ActiveCfg = TestDebug|Any CPU
		{7818FD81-77A6-49F3-8571-A91B1B99E63F}.SaveEdit Packaging|Any CPU.Build.0 = TestDebug|Any CPU
		{7818FD81-77A6-49F3-8571-A91B1B99E63F}.SaveEdit Packaging|Mixed Platforms.ActiveCfg = TestDebug|Any CPU
		{7818FD81-77A6-49F3-8571-A91B1B99E63F}.SaveEdit Packaging|Mixed Platforms.Build.0 = TestDebug|Any CPU
		{7818FD81-77A6-49F3-8571-A91B1B99E63F}.SaveEdit Packaging|Win32.ActiveCfg = TestDebug|Any CPU
		{7818FD81-77A6-49F3-8571-A91B1B99E63F}.SaveEdit Packaging|Win32.Build.0 = TestDebug|Any CPU
		{7818FD81-77A6-49F3-8571-A91B1B99E63F}.SaveEdit Packaging|x64.ActiveCfg = TestDebug|Any CPU
		{7818FD81-77A6-49F3-8571-A91B1B99E63F}.SaveEdit Packaging|x64.Build.0 = TestDebug|Any CPU
		{7818FD81-77A6-49F3-8571-A91B1B99E63F}.SaveEdit Packaging|x86.ActiveCfg = TestDebug|Any CPU
		{7818FD81-77A6-49F3-8571-A91B1B99E63F}.SaveEdit Packaging|x86.Build.0 = TestDebug|Any CPU
		{7818FD81-77A6-49F3-8571-A91B1B99E63F}.TestDebug|Any CPU.ActiveCfg = TestDebug|Any CPU
		{7818FD81-77A6-49F3-8571-A91B1B99E63F}.TestDebug|Any CPU.Build.0 = TestDebug|Any CPU
		{7818FD81-77A6-49F3-8571-A91B1B99E63F}.TestDebug|Mixed Platforms.ActiveCfg = TestDebug|Any CPU
		{7818FD81-77A6-49F3-8571-A91B1B99E63F}.TestDebug|Mixed Platforms.Build.0 = TestDebug|Any CPU
		{7818FD81-77A6-49F3-8571-A91B1B99E63F}.TestDebug|Win32.ActiveCfg = TestDebug|Any CPU
		{7818FD81-77A6-49F3-8571-A91B1B99E63F}.TestDebug|Win32.Build.0 = TestDebug|Any CPU
		{7818FD81-77A6-49F3-8571-A91B1B99E63F}.TestDebug|x64.ActiveCfg = TestDebug|Any CPU
		{7818FD81-77A6-49F3-8571-A91B1B99E63F}.TestDebug|x64.Build.0 = TestDebug|Any CPU
		{7818FD81-77A6-49F3-8571-A91B1B99E63F}.TestDebug|x86.ActiveCfg = TestDebug|Any CPU
		{7818FD81-77A6-49F3-8571-A91B1B99E63F}.TestDebug|x86.Build.0 = TestDebug|Any CPU
		{D9716550-921D-44E8-A289-C297950DB1F7}.Debug|Any CPU.ActiveCfg = Debug|Any CPU
		{D9716550-921D-44E8-A289-C297950DB1F7}.Debug|Any CPU.Build.0 = Debug|Any CPU
		{D9716550-921D-44E8-A289-C297950DB1F7}.Debug|Mixed Platforms.ActiveCfg = Debug|Any CPU
		{D9716550-921D-44E8-A289-C297950DB1F7}.Debug|Mixed Platforms.Build.0 = Debug|Any CPU
		{D9716550-921D-44E8-A289-C297950DB1F7}.Debug|Win32.ActiveCfg = Debug|Any CPU
		{D9716550-921D-44E8-A289-C297950DB1F7}.Debug|x64.ActiveCfg = Debug|Any CPU
		{D9716550-921D-44E8-A289-C297950DB1F7}.Debug|x86.ActiveCfg = Debug|Any CPU
		{D9716550-921D-44E8-A289-C297950DB1F7}.Release|Any CPU.ActiveCfg = Release|Any CPU
		{D9716550-921D-44E8-A289-C297950DB1F7}.Release|Any CPU.Build.0 = Release|Any CPU
		{D9716550-921D-44E8-A289-C297950DB1F7}.Release|Mixed Platforms.ActiveCfg = Release|Any CPU
		{D9716550-921D-44E8-A289-C297950DB1F7}.Release|Mixed Platforms.Build.0 = Release|Any CPU
		{D9716550-921D-44E8-A289-C297950DB1F7}.Release|Win32.ActiveCfg = Release|Any CPU
		{D9716550-921D-44E8-A289-C297950DB1F7}.Release|x64.ActiveCfg = Release|Any CPU
		{D9716550-921D-44E8-A289-C297950DB1F7}.Release|x64.Build.0 = Release|Any CPU
		{D9716550-921D-44E8-A289-C297950DB1F7}.Release|x86.ActiveCfg = Release|Any CPU
		{D9716550-921D-44E8-A289-C297950DB1F7}.SaveEdit Packaging|Any CPU.ActiveCfg = TestDebug|Any CPU
		{D9716550-921D-44E8-A289-C297950DB1F7}.SaveEdit Packaging|Any CPU.Build.0 = TestDebug|Any CPU
		{D9716550-921D-44E8-A289-C297950DB1F7}.SaveEdit Packaging|Mixed Platforms.ActiveCfg = TestDebug|Any CPU
		{D9716550-921D-44E8-A289-C297950DB1F7}.SaveEdit Packaging|Mixed Platforms.Build.0 = TestDebug|Any CPU
		{D9716550-921D-44E8-A289-C297950DB1F7}.SaveEdit Packaging|Win32.ActiveCfg = TestDebug|Any CPU
		{D9716550-921D-44E8-A289-C297950DB1F7}.SaveEdit Packaging|x64.ActiveCfg = TestDebug|Any CPU
		{D9716550-921D-44E8-A289-C297950DB1F7}.SaveEdit Packaging|x86.ActiveCfg = TestDebug|Any CPU
		{D9716550-921D-44E8-A289-C297950DB1F7}.TestDebug|Any CPU.ActiveCfg = TestDebug|Any CPU
		{D9716550-921D-44E8-A289-C297950DB1F7}.TestDebug|Any CPU.Build.0 = TestDebug|Any CPU
		{D9716550-921D-44E8-A289-C297950DB1F7}.TestDebug|Mixed Platforms.ActiveCfg = TestDebug|Any CPU
		{D9716550-921D-44E8-A289-C297950DB1F7}.TestDebug|Mixed Platforms.Build.0 = TestDebug|Any CPU
		{D9716550-921D-44E8-A289-C297950DB1F7}.TestDebug|Win32.ActiveCfg = TestDebug|Any CPU
		{D9716550-921D-44E8-A289-C297950DB1F7}.TestDebug|x64.ActiveCfg = TestDebug|Any CPU
		{D9716550-921D-44E8-A289-C297950DB1F7}.TestDebug|x86.ActiveCfg = TestDebug|Any CPU
		{91298ADA-5999-41D4-8A7B-51F28094AB5B}.Debug|Any CPU.ActiveCfg = Debug|Any CPU
		{91298ADA-5999-41D4-8A7B-51F28094AB5B}.Debug|Any CPU.Build.0 = Debug|Any CPU
		{91298ADA-5999-41D4-8A7B-51F28094AB5B}.Debug|Mixed Platforms.ActiveCfg = Debug|Any CPU
		{91298ADA-5999-41D4-8A7B-51F28094AB5B}.Debug|Mixed Platforms.Build.0 = Debug|Any CPU
		{91298ADA-5999-41D4-8A7B-51F28094AB5B}.Debug|Win32.ActiveCfg = Debug|Any CPU
		{91298ADA-5999-41D4-8A7B-51F28094AB5B}.Debug|Win32.Build.0 = Debug|Any CPU
		{91298ADA-5999-41D4-8A7B-51F28094AB5B}.Debug|x64.ActiveCfg = Debug|Any CPU
		{91298ADA-5999-41D4-8A7B-51F28094AB5B}.Debug|x64.Build.0 = Debug|Any CPU
		{91298ADA-5999-41D4-8A7B-51F28094AB5B}.Debug|x86.ActiveCfg = Debug|Any CPU
		{91298ADA-5999-41D4-8A7B-51F28094AB5B}.Release|Any CPU.ActiveCfg = Release|Any CPU
		{91298ADA-5999-41D4-8A7B-51F28094AB5B}.Release|Any CPU.Build.0 = Release|Any CPU
		{91298ADA-5999-41D4-8A7B-51F28094AB5B}.Release|Mixed Platforms.ActiveCfg = Release|Any CPU
		{91298ADA-5999-41D4-8A7B-51F28094AB5B}.Release|Mixed Platforms.Build.0 = Release|Any CPU
		{91298ADA-5999-41D4-8A7B-51F28094AB5B}.Release|Win32.ActiveCfg = Release|Any CPU
		{91298ADA-5999-41D4-8A7B-51F28094AB5B}.Release|Win32.Build.0 = Release|Any CPU
		{91298ADA-5999-41D4-8A7B-51F28094AB5B}.Release|x64.ActiveCfg = Release|Any CPU
		{91298ADA-5999-41D4-8A7B-51F28094AB5B}.Release|x64.Build.0 = Release|Any CPU
		{91298ADA-5999-41D4-8A7B-51F28094AB5B}.Release|x86.ActiveCfg = Release|Any CPU
		{91298ADA-5999-41D4-8A7B-51F28094AB5B}.Release|x86.Build.0 = Release|Any CPU
		{91298ADA-5999-41D4-8A7B-51F28094AB5B}.SaveEdit Packaging|Any CPU.ActiveCfg = Release|Any CPU
		{91298ADA-5999-41D4-8A7B-51F28094AB5B}.SaveEdit Packaging|Any CPU.Build.0 = Release|Any CPU
		{91298ADA-5999-41D4-8A7B-51F28094AB5B}.SaveEdit Packaging|Mixed Platforms.ActiveCfg = Release|Any CPU
		{91298ADA-5999-41D4-8A7B-51F28094AB5B}.SaveEdit Packaging|Mixed Platforms.Build.0 = Release|Any CPU
		{91298ADA-5999-41D4-8A7B-51F28094AB5B}.SaveEdit Packaging|Win32.ActiveCfg = Release|Any CPU
		{91298ADA-5999-41D4-8A7B-51F28094AB5B}.SaveEdit Packaging|Win32.Build.0 = Release|Any CPU
		{91298ADA-5999-41D4-8A7B-51F28094AB5B}.SaveEdit Packaging|x64.ActiveCfg = Release|Any CPU
		{91298ADA-5999-41D4-8A7B-51F28094AB5B}.SaveEdit Packaging|x64.Build.0 = Release|Any CPU
		{91298ADA-5999-41D4-8A7B-51F28094AB5B}.SaveEdit Packaging|x86.ActiveCfg = Release|Any CPU
		{91298ADA-5999-41D4-8A7B-51F28094AB5B}.SaveEdit Packaging|x86.Build.0 = Release|Any CPU
		{91298ADA-5999-41D4-8A7B-51F28094AB5B}.TestDebug|Any CPU.ActiveCfg = Debug|Any CPU
		{91298ADA-5999-41D4-8A7B-51F28094AB5B}.TestDebug|Any CPU.Build.0 = Debug|Any CPU
		{91298ADA-5999-41D4-8A7B-51F28094AB5B}.TestDebug|Mixed Platforms.ActiveCfg = Debug|Any CPU
		{91298ADA-5999-41D4-8A7B-51F28094AB5B}.TestDebug|Mixed Platforms.Build.0 = Debug|Any CPU
		{91298ADA-5999-41D4-8A7B-51F28094AB5B}.TestDebug|Win32.ActiveCfg = Debug|Any CPU
		{91298ADA-5999-41D4-8A7B-51F28094AB5B}.TestDebug|Win32.Build.0 = Debug|Any CPU
		{91298ADA-5999-41D4-8A7B-51F28094AB5B}.TestDebug|x64.ActiveCfg = Debug|Any CPU
		{91298ADA-5999-41D4-8A7B-51F28094AB5B}.TestDebug|x64.Build.0 = Debug|Any CPU
		{91298ADA-5999-41D4-8A7B-51F28094AB5B}.TestDebug|x86.ActiveCfg = Debug|Any CPU
		{91298ADA-5999-41D4-8A7B-51F28094AB5B}.TestDebug|x86.Build.0 = Debug|Any CPU
		{AB8527A3-98C6-42F0-AF9A-E400686D48BA}.Debug|Any CPU.ActiveCfg = Debug|Win32
		{AB8527A3-98C6-42F0-AF9A-E400686D48BA}.Debug|Mixed Platforms.ActiveCfg = Debug|Win32
		{AB8527A3-98C6-42F0-AF9A-E400686D48BA}.Debug|Mixed Platforms.Build.0 = Debug|Win32
		{AB8527A3-98C6-42F0-AF9A-E400686D48BA}.Debug|Win32.ActiveCfg = Debug|Win32
		{AB8527A3-98C6-42F0-AF9A-E400686D48BA}.Debug|Win32.Build.0 = Debug|Win32
		{AB8527A3-98C6-42F0-AF9A-E400686D48BA}.Debug|x64.ActiveCfg = Debug|x64
		{AB8527A3-98C6-42F0-AF9A-E400686D48BA}.Debug|x64.Build.0 = Debug|x64
		{AB8527A3-98C6-42F0-AF9A-E400686D48BA}.Debug|x86.ActiveCfg = Debug|Win32
		{AB8527A3-98C6-42F0-AF9A-E400686D48BA}.Debug|x86.Build.0 = Debug|Win32
		{AB8527A3-98C6-42F0-AF9A-E400686D48BA}.Release|Any CPU.ActiveCfg = Release|Win32
		{AB8527A3-98C6-42F0-AF9A-E400686D48BA}.Release|Any CPU.Build.0 = Release|Win32
		{AB8527A3-98C6-42F0-AF9A-E400686D48BA}.Release|Mixed Platforms.ActiveCfg = Release|Win32
		{AB8527A3-98C6-42F0-AF9A-E400686D48BA}.Release|Mixed Platforms.Build.0 = Release|Win32
		{AB8527A3-98C6-42F0-AF9A-E400686D48BA}.Release|Win32.ActiveCfg = Release|Win32
		{AB8527A3-98C6-42F0-AF9A-E400686D48BA}.Release|Win32.Build.0 = Release|Win32
		{AB8527A3-98C6-42F0-AF9A-E400686D48BA}.Release|x64.ActiveCfg = Release|x64
		{AB8527A3-98C6-42F0-AF9A-E400686D48BA}.Release|x64.Build.0 = Release|x64
		{AB8527A3-98C6-42F0-AF9A-E400686D48BA}.Release|x86.ActiveCfg = Release|Win32
		{AB8527A3-98C6-42F0-AF9A-E400686D48BA}.Release|x86.Build.0 = Release|Win32
		{AB8527A3-98C6-42F0-AF9A-E400686D48BA}.SaveEdit Packaging|Any CPU.ActiveCfg = Release|x64
		{AB8527A3-98C6-42F0-AF9A-E400686D48BA}.SaveEdit Packaging|Any CPU.Build.0 = Release|x64
		{AB8527A3-98C6-42F0-AF9A-E400686D48BA}.SaveEdit Packaging|Mixed Platforms.ActiveCfg = Release|Win32
		{AB8527A3-98C6-42F0-AF9A-E400686D48BA}.SaveEdit Packaging|Mixed Platforms.Build.0 = Release|Win32
		{AB8527A3-98C6-42F0-AF9A-E400686D48BA}.SaveEdit Packaging|Win32.ActiveCfg = Release|Win32
		{AB8527A3-98C6-42F0-AF9A-E400686D48BA}.SaveEdit Packaging|Win32.Build.0 = Release|Win32
		{AB8527A3-98C6-42F0-AF9A-E400686D48BA}.SaveEdit Packaging|x64.ActiveCfg = Release|x64
		{AB8527A3-98C6-42F0-AF9A-E400686D48BA}.SaveEdit Packaging|x64.Build.0 = Release|x64
		{AB8527A3-98C6-42F0-AF9A-E400686D48BA}.SaveEdit Packaging|x86.ActiveCfg = Release|Win32
		{AB8527A3-98C6-42F0-AF9A-E400686D48BA}.SaveEdit Packaging|x86.Build.0 = Release|Win32
		{AB8527A3-98C6-42F0-AF9A-E400686D48BA}.TestDebug|Any CPU.ActiveCfg = Release|x64
		{AB8527A3-98C6-42F0-AF9A-E400686D48BA}.TestDebug|Any CPU.Build.0 = Release|x64
		{AB8527A3-98C6-42F0-AF9A-E400686D48BA}.TestDebug|Mixed Platforms.ActiveCfg = Debug|Win32
		{AB8527A3-98C6-42F0-AF9A-E400686D48BA}.TestDebug|Mixed Platforms.Build.0 = Debug|Win32
		{AB8527A3-98C6-42F0-AF9A-E400686D48BA}.TestDebug|Win32.ActiveCfg = Debug|Win32
		{AB8527A3-98C6-42F0-AF9A-E400686D48BA}.TestDebug|Win32.Build.0 = Debug|Win32
		{AB8527A3-98C6-42F0-AF9A-E400686D48BA}.TestDebug|x64.ActiveCfg = Debug|x64
		{AB8527A3-98C6-42F0-AF9A-E400686D48BA}.TestDebug|x64.Build.0 = Debug|x64
		{AB8527A3-98C6-42F0-AF9A-E400686D48BA}.TestDebug|x86.ActiveCfg = Debug|Win32
		{AB8527A3-98C6-42F0-AF9A-E400686D48BA}.TestDebug|x86.Build.0 = Debug|Win32
		{31504945-3D81-4250-9A3B-88734159E010}.Debug|Any CPU.ActiveCfg = Debug|Win32
		{31504945-3D81-4250-9A3B-88734159E010}.Debug|Mixed Platforms.ActiveCfg = Debug|Win32
		{31504945-3D81-4250-9A3B-88734159E010}.Debug|Mixed Platforms.Build.0 = Debug|Win32
		{31504945-3D81-4250-9A3B-88734159E010}.Debug|Win32.ActiveCfg = Debug|Win32
		{31504945-3D81-4250-9A3B-88734159E010}.Debug|Win32.Build.0 = Debug|Win32
		{31504945-3D81-4250-9A3B-88734159E010}.Debug|x64.ActiveCfg = Debug|x64
		{31504945-3D81-4250-9A3B-88734159E010}.Debug|x64.Build.0 = Debug|x64
		{31504945-3D81-4250-9A3B-88734159E010}.Debug|x86.ActiveCfg = Debug|Win32
		{31504945-3D81-4250-9A3B-88734159E010}.Debug|x86.Build.0 = Debug|Win32
		{31504945-3D81-4250-9A3B-88734159E010}.Release|Any CPU.ActiveCfg = Release|x64
		{31504945-3D81-4250-9A3B-88734159E010}.Release|Any CPU.Build.0 = Release|x64
		{31504945-3D81-4250-9A3B-88734159E010}.Release|Mixed Platforms.ActiveCfg = Release|Win32
		{31504945-3D81-4250-9A3B-88734159E010}.Release|Mixed Platforms.Build.0 = Release|Win32
		{31504945-3D81-4250-9A3B-88734159E010}.Release|Win32.ActiveCfg = Release|Win32
		{31504945-3D81-4250-9A3B-88734159E010}.Release|Win32.Build.0 = Release|Win32
		{31504945-3D81-4250-9A3B-88734159E010}.Release|x64.ActiveCfg = Release|x64
		{31504945-3D81-4250-9A3B-88734159E010}.Release|x64.Build.0 = Release|x64
		{31504945-3D81-4250-9A3B-88734159E010}.Release|x86.ActiveCfg = Release|Win32
		{31504945-3D81-4250-9A3B-88734159E010}.Release|x86.Build.0 = Release|Win32
		{31504945-3D81-4250-9A3B-88734159E010}.SaveEdit Packaging|Any CPU.ActiveCfg = Release|x64
		{31504945-3D81-4250-9A3B-88734159E010}.SaveEdit Packaging|Any CPU.Build.0 = Release|x64
		{31504945-3D81-4250-9A3B-88734159E010}.SaveEdit Packaging|Mixed Platforms.ActiveCfg = Release|Win32
		{31504945-3D81-4250-9A3B-88734159E010}.SaveEdit Packaging|Mixed Platforms.Build.0 = Release|Win32
		{31504945-3D81-4250-9A3B-88734159E010}.SaveEdit Packaging|Win32.ActiveCfg = Release|Win32
		{31504945-3D81-4250-9A3B-88734159E010}.SaveEdit Packaging|Win32.Build.0 = Release|Win32
		{31504945-3D81-4250-9A3B-88734159E010}.SaveEdit Packaging|x64.ActiveCfg = Release|x64
		{31504945-3D81-4250-9A3B-88734159E010}.SaveEdit Packaging|x64.Build.0 = Release|x64
		{31504945-3D81-4250-9A3B-88734159E010}.SaveEdit Packaging|x86.ActiveCfg = Release|Win32
		{31504945-3D81-4250-9A3B-88734159E010}.SaveEdit Packaging|x86.Build.0 = Release|Win32
		{31504945-3D81-4250-9A3B-88734159E010}.TestDebug|Any CPU.ActiveCfg = Release|x64
		{31504945-3D81-4250-9A3B-88734159E010}.TestDebug|Any CPU.Build.0 = Release|x64
		{31504945-3D81-4250-9A3B-88734159E010}.TestDebug|Mixed Platforms.ActiveCfg = Debug|Win32
		{31504945-3D81-4250-9A3B-88734159E010}.TestDebug|Mixed Platforms.Build.0 = Debug|Win32
		{31504945-3D81-4250-9A3B-88734159E010}.TestDebug|Win32.ActiveCfg = Debug|Win32
		{31504945-3D81-4250-9A3B-88734159E010}.TestDebug|Win32.Build.0 = Debug|Win32
		{31504945-3D81-4250-9A3B-88734159E010}.TestDebug|x64.ActiveCfg = Debug|x64
		{31504945-3D81-4250-9A3B-88734159E010}.TestDebug|x64.Build.0 = Debug|x64
		{31504945-3D81-4250-9A3B-88734159E010}.TestDebug|x86.ActiveCfg = Debug|Win32
		{31504945-3D81-4250-9A3B-88734159E010}.TestDebug|x86.Build.0 = Debug|Win32
		{0ACFAE83-C6EA-4605-9B8F-FDC34AA78976}.Debug|Any CPU.ActiveCfg = Debug|x86
		{0ACFAE83-C6EA-4605-9B8F-FDC34AA78976}.Debug|Mixed Platforms.ActiveCfg = Debug|x86
		{0ACFAE83-C6EA-4605-9B8F-FDC34AA78976}.Debug|Mixed Platforms.Build.0 = Debug|x86
		{0ACFAE83-C6EA-4605-9B8F-FDC34AA78976}.Debug|Win32.ActiveCfg = Debug|x86
		{0ACFAE83-C6EA-4605-9B8F-FDC34AA78976}.Debug|Win32.Build.0 = Debug|x86
		{0ACFAE83-C6EA-4605-9B8F-FDC34AA78976}.Debug|x64.ActiveCfg = Debug|x64
		{0ACFAE83-C6EA-4605-9B8F-FDC34AA78976}.Debug|x64.Build.0 = Debug|x64
		{0ACFAE83-C6EA-4605-9B8F-FDC34AA78976}.Debug|x86.ActiveCfg = Debug|x86
		{0ACFAE83-C6EA-4605-9B8F-FDC34AA78976}.Debug|x86.Build.0 = Debug|x86
		{0ACFAE83-C6EA-4605-9B8F-FDC34AA78976}.Release|Any CPU.ActiveCfg = Release|x86
		{0ACFAE83-C6EA-4605-9B8F-FDC34AA78976}.Release|Any CPU.Build.0 = Release|x86
		{0ACFAE83-C6EA-4605-9B8F-FDC34AA78976}.Release|Mixed Platforms.ActiveCfg = Release|x86
		{0ACFAE83-C6EA-4605-9B8F-FDC34AA78976}.Release|Mixed Platforms.Build.0 = Release|x86
		{0ACFAE83-C6EA-4605-9B8F-FDC34AA78976}.Release|Win32.ActiveCfg = Release|x86
		{0ACFAE83-C6EA-4605-9B8F-FDC34AA78976}.Release|Win32.Build.0 = Release|x86
		{0ACFAE83-C6EA-4605-9B8F-FDC34AA78976}.Release|x64.ActiveCfg = Release|x64
		{0ACFAE83-C6EA-4605-9B8F-FDC34AA78976}.Release|x64.Build.0 = Release|x64
		{0ACFAE83-C6EA-4605-9B8F-FDC34AA78976}.Release|x86.ActiveCfg = Release|x86
		{0ACFAE83-C6EA-4605-9B8F-FDC34AA78976}.Release|x86.Build.0 = Release|x86
		{0ACFAE83-C6EA-4605-9B8F-FDC34AA78976}.SaveEdit Packaging|Any CPU.ActiveCfg = Release|x86
		{0ACFAE83-C6EA-4605-9B8F-FDC34AA78976}.SaveEdit Packaging|Any CPU.Build.0 = Release|x86
		{0ACFAE83-C6EA-4605-9B8F-FDC34AA78976}.SaveEdit Packaging|Mixed Platforms.ActiveCfg = Release|x86
		{0ACFAE83-C6EA-4605-9B8F-FDC34AA78976}.SaveEdit Packaging|Mixed Platforms.Build.0 = Release|x86
		{0ACFAE83-C6EA-4605-9B8F-FDC34AA78976}.SaveEdit Packaging|Win32.ActiveCfg = Release|x86
		{0ACFAE83-C6EA-4605-9B8F-FDC34AA78976}.SaveEdit Packaging|Win32.Build.0 = Release|x86
		{0ACFAE83-C6EA-4605-9B8F-FDC34AA78976}.SaveEdit Packaging|x64.ActiveCfg = Release|x64
		{0ACFAE83-C6EA-4605-9B8F-FDC34AA78976}.SaveEdit Packaging|x64.Build.0 = Release|x64
		{0ACFAE83-C6EA-4605-9B8F-FDC34AA78976}.SaveEdit Packaging|x86.ActiveCfg = Release|x86
		{0ACFAE83-C6EA-4605-9B8F-FDC34AA78976}.SaveEdit Packaging|x86.Build.0 = Release|x86
		{0ACFAE83-C6EA-4605-9B8F-FDC34AA78976}.TestDebug|Any CPU.ActiveCfg = Release|x86
		{0ACFAE83-C6EA-4605-9B8F-FDC34AA78976}.TestDebug|Any CPU.Build.0 = Release|x86
		{0ACFAE83-C6EA-4605-9B8F-FDC34AA78976}.TestDebug|Mixed Platforms.ActiveCfg = Debug|x86
		{0ACFAE83-C6EA-4605-9B8F-FDC34AA78976}.TestDebug|Mixed Platforms.Build.0 = Debug|x86
		{0ACFAE83-C6EA-4605-9B8F-FDC34AA78976}.TestDebug|Win32.ActiveCfg = Debug|x86
		{0ACFAE83-C6EA-4605-9B8F-FDC34AA78976}.TestDebug|Win32.Build.0 = Debug|x86
		{0ACFAE83-C6EA-4605-9B8F-FDC34AA78976}.TestDebug|x64.ActiveCfg = Debug|x64
		{0ACFAE83-C6EA-4605-9B8F-FDC34AA78976}.TestDebug|x64.Build.0 = Debug|x64
		{0ACFAE83-C6EA-4605-9B8F-FDC34AA78976}.TestDebug|x86.ActiveCfg = Debug|x86
		{0ACFAE83-C6EA-4605-9B8F-FDC34AA78976}.TestDebug|x86.Build.0 = Debug|x86
		{2869DBFE-7762-4930-95EA-2B0C111CF353}.Debug|Any CPU.ActiveCfg = Debug|Any CPU
		{2869DBFE-7762-4930-95EA-2B0C111CF353}.Debug|Any CPU.Build.0 = Debug|Any CPU
		{2869DBFE-7762-4930-95EA-2B0C111CF353}.Debug|Mixed Platforms.ActiveCfg = Debug|Any CPU
		{2869DBFE-7762-4930-95EA-2B0C111CF353}.Debug|Mixed Platforms.Build.0 = Debug|Any CPU
		{2869DBFE-7762-4930-95EA-2B0C111CF353}.Debug|Win32.ActiveCfg = Debug|Any CPU
		{2869DBFE-7762-4930-95EA-2B0C111CF353}.Debug|Win32.Build.0 = Debug|Any CPU
		{2869DBFE-7762-4930-95EA-2B0C111CF353}.Debug|x64.ActiveCfg = Debug|x64
		{2869DBFE-7762-4930-95EA-2B0C111CF353}.Debug|x64.Build.0 = Debug|x64
		{2869DBFE-7762-4930-95EA-2B0C111CF353}.Debug|x86.ActiveCfg = Debug|Any CPU
		{2869DBFE-7762-4930-95EA-2B0C111CF353}.Debug|x86.Build.0 = Debug|Any CPU
		{2869DBFE-7762-4930-95EA-2B0C111CF353}.Release|Any CPU.ActiveCfg = Release|Any CPU
		{2869DBFE-7762-4930-95EA-2B0C111CF353}.Release|Any CPU.Build.0 = Release|Any CPU
		{2869DBFE-7762-4930-95EA-2B0C111CF353}.Release|Mixed Platforms.ActiveCfg = Release|Any CPU
		{2869DBFE-7762-4930-95EA-2B0C111CF353}.Release|Mixed Platforms.Build.0 = Release|Any CPU
		{2869DBFE-7762-4930-95EA-2B0C111CF353}.Release|Win32.ActiveCfg = Release|Any CPU
		{2869DBFE-7762-4930-95EA-2B0C111CF353}.Release|Win32.Build.0 = Release|Any CPU
		{2869DBFE-7762-4930-95EA-2B0C111CF353}.Release|x64.ActiveCfg = Release|x64
		{2869DBFE-7762-4930-95EA-2B0C111CF353}.Release|x64.Build.0 = Release|x64
		{2869DBFE-7762-4930-95EA-2B0C111CF353}.Release|x86.ActiveCfg = Release|Any CPU
		{2869DBFE-7762-4930-95EA-2B0C111CF353}.Release|x86.Build.0 = Release|Any CPU
		{2869DBFE-7762-4930-95EA-2B0C111CF353}.SaveEdit Packaging|Any CPU.ActiveCfg = Release|Any CPU
		{2869DBFE-7762-4930-95EA-2B0C111CF353}.SaveEdit Packaging|Any CPU.Build.0 = Release|Any CPU
		{2869DBFE-7762-4930-95EA-2B0C111CF353}.SaveEdit Packaging|Mixed Platforms.ActiveCfg = Release|Any CPU
		{2869DBFE-7762-4930-95EA-2B0C111CF353}.SaveEdit Packaging|Mixed Platforms.Build.0 = Release|Any CPU
		{2869DBFE-7762-4930-95EA-2B0C111CF353}.SaveEdit Packaging|Win32.ActiveCfg = Release|Any CPU
		{2869DBFE-7762-4930-95EA-2B0C111CF353}.SaveEdit Packaging|Win32.Build.0 = Release|Any CPU
		{2869DBFE-7762-4930-95EA-2B0C111CF353}.SaveEdit Packaging|x64.ActiveCfg = Release|x64
		{2869DBFE-7762-4930-95EA-2B0C111CF353}.SaveEdit Packaging|x64.Build.0 = Release|x64
		{2869DBFE-7762-4930-95EA-2B0C111CF353}.SaveEdit Packaging|x86.ActiveCfg = Release|Any CPU
		{2869DBFE-7762-4930-95EA-2B0C111CF353}.SaveEdit Packaging|x86.Build.0 = Release|Any CPU
		{2869DBFE-7762-4930-95EA-2B0C111CF353}.TestDebug|Any CPU.ActiveCfg = Debug|Any CPU
		{2869DBFE-7762-4930-95EA-2B0C111CF353}.TestDebug|Any CPU.Build.0 = Debug|Any CPU
		{2869DBFE-7762-4930-95EA-2B0C111CF353}.TestDebug|Mixed Platforms.ActiveCfg = Debug|Any CPU
		{2869DBFE-7762-4930-95EA-2B0C111CF353}.TestDebug|Mixed Platforms.Build.0 = Debug|Any CPU
		{2869DBFE-7762-4930-95EA-2B0C111CF353}.TestDebug|Win32.ActiveCfg = Debug|Any CPU
		{2869DBFE-7762-4930-95EA-2B0C111CF353}.TestDebug|Win32.Build.0 = Debug|Any CPU
		{2869DBFE-7762-4930-95EA-2B0C111CF353}.TestDebug|x64.ActiveCfg = Debug|x64
		{2869DBFE-7762-4930-95EA-2B0C111CF353}.TestDebug|x64.Build.0 = Debug|x64
		{2869DBFE-7762-4930-95EA-2B0C111CF353}.TestDebug|x86.ActiveCfg = Debug|Any CPU
		{2869DBFE-7762-4930-95EA-2B0C111CF353}.TestDebug|x86.Build.0 = Debug|Any CPU
	EndGlobalSection
	GlobalSection(SolutionProperties) = preSolution
		HideSolutionNode = FALSE
	EndGlobalSection
	GlobalSection(NestedProjects) = preSolution
		{D9716550-921D-44E8-A289-C297950DB1F7} = {EBED4BFC-5AC2-4601-9BEA-879206976057}
		{2869DBFE-7762-4930-95EA-2B0C111CF353} = {EBED4BFC-5AC2-4601-9BEA-879206976057}
	EndGlobalSection
	GlobalSection(ExtensibilityGlobals) = postSolution
		SolutionGuid = {D1B42802-FD74-47F6-9664-082549B7F496}
	EndGlobalSection
EndGlobal
